
Microsoft Visual Studio Solution File, Format Version 12.00
# Visual Studio Version 17
VisualStudioVersion = 17.11.35222.181
MinimumVisualStudioVersion = 10.0.40219.1
Project("{FAE04EC0-301F-11D3-BF4B-00C04F79EFBC}") = "MonsterFighter", "MonsterFighter\MonsterFighter.csproj", "{C164DDA0-16AF-493E-979C-C2E9CB3A3A84}"
EndProject
Global
	GlobalSection(SolutionConfigurationPlatforms) = preSolution
		Debug|Any CPU = Debug|Any CPU
		Release|Any CPU = Release|Any CPU
	EndGlobalSection
	GlobalSection(ProjectConfigurationPlatforms) = postSolution
		{C164DDA0-16AF-493E-979C-C2E9CB3A3A84}.Debug|Any CPU.ActiveCfg = Debug|Any CPU
		{C164DDA0-16AF-493E-979C-C2E9CB3A3A84}.Debug|Any CPU.Build.0 = Debug|Any CPU
		{C164DDA0-16AF-493E-979C-C2E9CB3A3A84}.Release|Any CPU.ActiveCfg = Release|Any CPU
		{C164DDA0-16AF-493E-979C-C2E9CB3A3A84}.Release|Any CPU.Build.0 = Release|Any CPU
	EndGlobalSection
	GlobalSection(SolutionProperties) = preSolution
		HideSolutionNode = FALSE
	EndGlobalSection
	GlobalSection(ExtensibilityGlobals) = postSolution
		SolutionGuid = {06C40ECD-1918-40CD-86E4-DD60320FF7B2}
	EndGlobalSection
EndGlobal
